// !$*UTF8*$!
{
	archiveVersion = 1;
	classes = {
	};
	objectVersion = 56;
	objects = {

/* Begin PBXBuildFile section */
		788E73482A97B9A100FFF876 /* AppDelegate.swift in Sources */ = {isa = PBXBuildFile; fileRef = 788E73472A97B9A100FFF876 /* AppDelegate.swift */; };
		788E73512A97B9A100FFF876 /* Assets.xcassets in Resources */ = {isa = PBXBuildFile; fileRef = 788E73502A97B9A100FFF876 /* Assets.xcassets */; };
		788E73542A97B9A100FFF876 /* LaunchScreen.storyboard in Resources */ = {isa = PBXBuildFile; fileRef = 788E73522A97B9A100FFF876 /* LaunchScreen.storyboard */; };
		788E737D2A97BA7500FFF876 /* Advertisement.swift in Sources */ = {isa = PBXBuildFile; fileRef = 788E737C2A97BA7500FFF876 /* Advertisement.swift */; };
		788E73922A97BD0A00FFF876 /* NetworkClient.swift in Sources */ = {isa = PBXBuildFile; fileRef = 788E73892A97BD0A00FFF876 /* NetworkClient.swift */; };
		788E73932A97BD0A00FFF876 /* NetworkClientImp.swift in Sources */ = {isa = PBXBuildFile; fileRef = 788E738A2A97BD0A00FFF876 /* NetworkClientImp.swift */; };
		788E73942A97BD0A00FFF876 /* HTTPRequest.swift in Sources */ = {isa = PBXBuildFile; fileRef = 788E738B2A97BD0A00FFF876 /* HTTPRequest.swift */; };
		788E73952A97BD0A00FFF876 /* HTTPNetworkResponse.swift in Sources */ = {isa = PBXBuildFile; fileRef = 788E738C2A97BD0A00FFF876 /* HTTPNetworkResponse.swift */; };
		788E73962A97BD0A00FFF876 /* HTTPMethod.swift in Sources */ = {isa = PBXBuildFile; fileRef = 788E738D2A97BD0A00FFF876 /* HTTPMethod.swift */; };
		788E73972A97BD0A00FFF876 /* HTTPError.swift in Sources */ = {isa = PBXBuildFile; fileRef = 788E738E2A97BD0A00FFF876 /* HTTPError.swift */; };
		788E73982A97BD0A00FFF876 /* NetworkServiceImp.swift in Sources */ = {isa = PBXBuildFile; fileRef = 788E73902A97BD0A00FFF876 /* NetworkServiceImp.swift */; };
		788E73992A97BD0A00FFF876 /* NetworkService.swift in Sources */ = {isa = PBXBuildFile; fileRef = 788E73912A97BD0A00FFF876 /* NetworkService.swift */; };
		788E739E2A97C27E00FFF876 /* AdvertisementListViewController.swift in Sources */ = {isa = PBXBuildFile; fileRef = 788E739D2A97C27E00FFF876 /* AdvertisementListViewController.swift */; };
		788E73A42A97C39A00FFF876 /* AdvertisementCollectionViewCell.swift in Sources */ = {isa = PBXBuildFile; fileRef = 788E73A32A97C39A00FFF876 /* AdvertisementCollectionViewCell.swift */; };
		788E73A92A97C4C800FFF876 /* UImageView.swift in Sources */ = {isa = PBXBuildFile; fileRef = 788E73A82A97C4C800FFF876 /* UImageView.swift */; };
		788E73B22A98C38500FFF876 /* AdvertisementDetailViewController.swift in Sources */ = {isa = PBXBuildFile; fileRef = 788E73B12A98C38500FFF876 /* AdvertisementDetailViewController.swift */; };
		788E73B42A98CE2900FFF876 /* AdvertisementDetail.swift in Sources */ = {isa = PBXBuildFile; fileRef = 788E73B32A98CE2800FFF876 /* AdvertisementDetail.swift */; };
		788E73BB2A9AABB200FFF876 /* WebImageView.swift in Sources */ = {isa = PBXBuildFile; fileRef = 788E73BA2A9AABB200FFF876 /* WebImageView.swift */; };
		788E73BE2A9AB03700FFF876 /* Coordinator.swift in Sources */ = {isa = PBXBuildFile; fileRef = 788E73BD2A9AB03700FFF876 /* Coordinator.swift */; };
		788E73C02A9AB06500FFF876 /* CoordinatorImp.swift in Sources */ = {isa = PBXBuildFile; fileRef = 788E73BF2A9AB06500FFF876 /* CoordinatorImp.swift */; };
		788E73C42A9AB1FC00FFF876 /* CoreAssembly.swift in Sources */ = {isa = PBXBuildFile; fileRef = 788E73C32A9AB1FC00FFF876 /* CoreAssembly.swift */; };
		788E73C62A9AB20600FFF876 /* CoreAssemblyImp.swift in Sources */ = {isa = PBXBuildFile; fileRef = 788E73C52A9AB20600FFF876 /* CoreAssemblyImp.swift */; };
		788E73CA2A9AB5E600FFF876 /* AdvertisementListInput.swift in Sources */ = {isa = PBXBuildFile; fileRef = 788E73C92A9AB5E600FFF876 /* AdvertisementListInput.swift */; };
		788E73CC2A9AB71200FFF876 /* AdvertisementListOutput.swift in Sources */ = {isa = PBXBuildFile; fileRef = 788E73CB2A9AB71200FFF876 /* AdvertisementListOutput.swift */; };
		788E73CF2A9ABA5300FFF876 /* AdvertisementListAssembly.swift in Sources */ = {isa = PBXBuildFile; fileRef = 788E73CE2A9ABA5300FFF876 /* AdvertisementListAssembly.swift */; };
		788E73D22A9ABAAC00FFF876 /* AdvertisementListModuleOutput.swift in Sources */ = {isa = PBXBuildFile; fileRef = 788E73D12A9ABAAC00FFF876 /* AdvertisementListModuleOutput.swift */; };
		788E73D42A9ABB2600FFF876 /* AdvertisementListPresenter.swift in Sources */ = {isa = PBXBuildFile; fileRef = 788E73D32A9ABB2600FFF876 /* AdvertisementListPresenter.swift */; };
		788E73D62A9AC0B700FFF876 /* AdvertisementListAssemblyImp.swift in Sources */ = {isa = PBXBuildFile; fileRef = 788E73D52A9AC0B700FFF876 /* AdvertisementListAssemblyImp.swift */; };
		788E73DB2A9AC68800FFF876 /* AdvertisementDetailAssembly.swift in Sources */ = {isa = PBXBuildFile; fileRef = 788E73DA2A9AC68800FFF876 /* AdvertisementDetailAssembly.swift */; };
		788E73DE2A9AC69700FFF876 /* AdvertisementDetailAssemblyImp.swift in Sources */ = {isa = PBXBuildFile; fileRef = 788E73DD2A9AC69700FFF876 /* AdvertisementDetailAssemblyImp.swift */; };
		788E73E02A9AC76A00FFF876 /* AdvertisementDetailModuleOutput.swift in Sources */ = {isa = PBXBuildFile; fileRef = 788E73DF2A9AC76A00FFF876 /* AdvertisementDetailModuleOutput.swift */; };
		788E73E22A9AC78B00FFF876 /* AdvertisementDetailPresenter.swift in Sources */ = {isa = PBXBuildFile; fileRef = 788E73E12A9AC78B00FFF876 /* AdvertisementDetailPresenter.swift */; };
		788E73E42A9AC80A00FFF876 /* AdvertisementDetailInput.swift in Sources */ = {isa = PBXBuildFile; fileRef = 788E73E32A9AC80A00FFF876 /* AdvertisementDetailInput.swift */; };
		788E73E62A9AC82C00FFF876 /* AdvertisementDetailOutput.swift in Sources */ = {isa = PBXBuildFile; fileRef = 788E73E52A9AC82C00FFF876 /* AdvertisementDetailOutput.swift */; };
		788E73E82A9B785E00FFF876 /* String.swift in Sources */ = {isa = PBXBuildFile; fileRef = 788E73E72A9B785E00FFF876 /* String.swift */; };
		788E73EA2A9B7FC700FFF876 /* Date.swift in Sources */ = {isa = PBXBuildFile; fileRef = 788E73E92A9B7FC700FFF876 /* Date.swift */; };
/* End PBXBuildFile section */

/* Begin PBXFileReference section */
		788E73442A97B9A100FFF876 /* Avito.tech trainee iOS.app */ = {isa = PBXFileReference; explicitFileType = wrapper.application; includeInIndex = 0; path = "Avito.tech trainee iOS.app"; sourceTree = BUILT_PRODUCTS_DIR; };
		788E73472A97B9A100FFF876 /* AppDelegate.swift */ = {isa = PBXFileReference; lastKnownFileType = sourcecode.swift; path = AppDelegate.swift; sourceTree = "<group>"; };
		788E73502A97B9A100FFF876 /* Assets.xcassets */ = {isa = PBXFileReference; lastKnownFileType = folder.assetcatalog; path = Assets.xcassets; sourceTree = "<group>"; };
		788E73532A97B9A100FFF876 /* Base */ = {isa = PBXFileReference; lastKnownFileType = file.storyboard; name = Base; path = Base.lproj/LaunchScreen.storyboard; sourceTree = "<group>"; };
		788E73552A97B9A100FFF876 /* Info.plist */ = {isa = PBXFileReference; lastKnownFileType = text.plist.xml; path = Info.plist; sourceTree = "<group>"; };
		788E737C2A97BA7500FFF876 /* Advertisement.swift */ = {isa = PBXFileReference; lastKnownFileType = sourcecode.swift; path = Advertisement.swift; sourceTree = "<group>"; };
		788E73892A97BD0A00FFF876 /* NetworkClient.swift */ = {isa = PBXFileReference; fileEncoding = 4; lastKnownFileType = sourcecode.swift; path = NetworkClient.swift; sourceTree = "<group>"; };
		788E738A2A97BD0A00FFF876 /* NetworkClientImp.swift */ = {isa = PBXFileReference; fileEncoding = 4; lastKnownFileType = sourcecode.swift; path = NetworkClientImp.swift; sourceTree = "<group>"; };
		788E738B2A97BD0A00FFF876 /* HTTPRequest.swift */ = {isa = PBXFileReference; fileEncoding = 4; lastKnownFileType = sourcecode.swift; path = HTTPRequest.swift; sourceTree = "<group>"; };
		788E738C2A97BD0A00FFF876 /* HTTPNetworkResponse.swift */ = {isa = PBXFileReference; fileEncoding = 4; lastKnownFileType = sourcecode.swift; path = HTTPNetworkResponse.swift; sourceTree = "<group>"; };
		788E738D2A97BD0A00FFF876 /* HTTPMethod.swift */ = {isa = PBXFileReference; fileEncoding = 4; lastKnownFileType = sourcecode.swift; path = HTTPMethod.swift; sourceTree = "<group>"; };
		788E738E2A97BD0A00FFF876 /* HTTPError.swift */ = {isa = PBXFileReference; fileEncoding = 4; lastKnownFileType = sourcecode.swift; path = HTTPError.swift; sourceTree = "<group>"; };
		788E73902A97BD0A00FFF876 /* NetworkServiceImp.swift */ = {isa = PBXFileReference; fileEncoding = 4; lastKnownFileType = sourcecode.swift; path = NetworkServiceImp.swift; sourceTree = "<group>"; };
		788E73912A97BD0A00FFF876 /* NetworkService.swift */ = {isa = PBXFileReference; fileEncoding = 4; lastKnownFileType = sourcecode.swift; path = NetworkService.swift; sourceTree = "<group>"; };
		788E739D2A97C27E00FFF876 /* AdvertisementListViewController.swift */ = {isa = PBXFileReference; lastKnownFileType = sourcecode.swift; path = AdvertisementListViewController.swift; sourceTree = "<group>"; };
		788E73A32A97C39A00FFF876 /* AdvertisementCollectionViewCell.swift */ = {isa = PBXFileReference; lastKnownFileType = sourcecode.swift; path = AdvertisementCollectionViewCell.swift; sourceTree = "<group>"; };
		788E73A82A97C4C800FFF876 /* UImageView.swift */ = {isa = PBXFileReference; lastKnownFileType = sourcecode.swift; path = UImageView.swift; sourceTree = "<group>"; };
		788E73B12A98C38500FFF876 /* AdvertisementDetailViewController.swift */ = {isa = PBXFileReference; lastKnownFileType = sourcecode.swift; path = AdvertisementDetailViewController.swift; sourceTree = "<group>"; };
		788E73B32A98CE2800FFF876 /* AdvertisementDetail.swift */ = {isa = PBXFileReference; lastKnownFileType = sourcecode.swift; path = AdvertisementDetail.swift; sourceTree = "<group>"; };
		788E73BA2A9AABB200FFF876 /* WebImageView.swift */ = {isa = PBXFileReference; lastKnownFileType = sourcecode.swift; path = WebImageView.swift; sourceTree = "<group>"; };
		788E73BD2A9AB03700FFF876 /* Coordinator.swift */ = {isa = PBXFileReference; lastKnownFileType = sourcecode.swift; path = Coordinator.swift; sourceTree = "<group>"; };
		788E73BF2A9AB06500FFF876 /* CoordinatorImp.swift */ = {isa = PBXFileReference; lastKnownFileType = sourcecode.swift; path = CoordinatorImp.swift; sourceTree = "<group>"; };
		788E73C32A9AB1FC00FFF876 /* CoreAssembly.swift */ = {isa = PBXFileReference; lastKnownFileType = sourcecode.swift; path = CoreAssembly.swift; sourceTree = "<group>"; };
		788E73C52A9AB20600FFF876 /* CoreAssemblyImp.swift */ = {isa = PBXFileReference; lastKnownFileType = sourcecode.swift; path = CoreAssemblyImp.swift; sourceTree = "<group>"; };
		788E73C92A9AB5E600FFF876 /* AdvertisementListInput.swift */ = {isa = PBXFileReference; lastKnownFileType = sourcecode.swift; path = AdvertisementListInput.swift; sourceTree = "<group>"; };
		788E73CB2A9AB71200FFF876 /* AdvertisementListOutput.swift */ = {isa = PBXFileReference; lastKnownFileType = sourcecode.swift; path = AdvertisementListOutput.swift; sourceTree = "<group>"; };
		788E73CE2A9ABA5300FFF876 /* AdvertisementListAssembly.swift */ = {isa = PBXFileReference; lastKnownFileType = sourcecode.swift; path = AdvertisementListAssembly.swift; sourceTree = "<group>"; };
		788E73D12A9ABAAC00FFF876 /* AdvertisementListModuleOutput.swift */ = {isa = PBXFileReference; lastKnownFileType = sourcecode.swift; path = AdvertisementListModuleOutput.swift; sourceTree = "<group>"; };
		788E73D32A9ABB2600FFF876 /* AdvertisementListPresenter.swift */ = {isa = PBXFileReference; lastKnownFileType = sourcecode.swift; path = AdvertisementListPresenter.swift; sourceTree = "<group>"; };
		788E73D52A9AC0B700FFF876 /* AdvertisementListAssemblyImp.swift */ = {isa = PBXFileReference; lastKnownFileType = sourcecode.swift; path = AdvertisementListAssemblyImp.swift; sourceTree = "<group>"; };
		788E73DA2A9AC68800FFF876 /* AdvertisementDetailAssembly.swift */ = {isa = PBXFileReference; lastKnownFileType = sourcecode.swift; path = AdvertisementDetailAssembly.swift; sourceTree = "<group>"; };
		788E73DD2A9AC69700FFF876 /* AdvertisementDetailAssemblyImp.swift */ = {isa = PBXFileReference; lastKnownFileType = sourcecode.swift; path = AdvertisementDetailAssemblyImp.swift; sourceTree = "<group>"; };
		788E73DF2A9AC76A00FFF876 /* AdvertisementDetailModuleOutput.swift */ = {isa = PBXFileReference; lastKnownFileType = sourcecode.swift; path = AdvertisementDetailModuleOutput.swift; sourceTree = "<group>"; };
		788E73E12A9AC78B00FFF876 /* AdvertisementDetailPresenter.swift */ = {isa = PBXFileReference; lastKnownFileType = sourcecode.swift; path = AdvertisementDetailPresenter.swift; sourceTree = "<group>"; };
		788E73E32A9AC80A00FFF876 /* AdvertisementDetailInput.swift */ = {isa = PBXFileReference; lastKnownFileType = sourcecode.swift; path = AdvertisementDetailInput.swift; sourceTree = "<group>"; };
		788E73E52A9AC82C00FFF876 /* AdvertisementDetailOutput.swift */ = {isa = PBXFileReference; lastKnownFileType = sourcecode.swift; path = AdvertisementDetailOutput.swift; sourceTree = "<group>"; };
		788E73E72A9B785E00FFF876 /* String.swift */ = {isa = PBXFileReference; lastKnownFileType = sourcecode.swift; path = String.swift; sourceTree = "<group>"; };
		788E73E92A9B7FC700FFF876 /* Date.swift */ = {isa = PBXFileReference; lastKnownFileType = sourcecode.swift; path = Date.swift; sourceTree = "<group>"; };
/* End PBXFileReference section */

/* Begin PBXFrameworksBuildPhase section */
		788E73412A97B9A100FFF876 /* Frameworks */ = {
			isa = PBXFrameworksBuildPhase;
			buildActionMask = 2147483647;
			files = (
			);
			runOnlyForDeploymentPostprocessing = 0;
		};
/* End PBXFrameworksBuildPhase section */

/* Begin PBXGroup section */
		788E733B2A97B9A100FFF876 = {
			isa = PBXGroup;
			children = (
				788E73462A97B9A100FFF876 /* Avito.tech trainee iOS */,
				788E73452A97B9A100FFF876 /* Products */,
			);
			sourceTree = "<group>";
		};
		788E73452A97B9A100FFF876 /* Products */ = {
			isa = PBXGroup;
			children = (
				788E73442A97B9A100FFF876 /* Avito.tech trainee iOS.app */,
			);
			name = Products;
			sourceTree = "<group>";
		};
		788E73462A97B9A100FFF876 /* Avito.tech trainee iOS */ = {
			isa = PBXGroup;
			children = (
				788E73792A97B9E700FFF876 /* App */,
				788E73C12A9AB0D700FFF876 /* Presentation */,
				788E737B2A97BA5800FFF876 /* Models */,
				788E73772A97B9D700FFF876 /* Core */,
				788E737A2A97BA3700FFF876 /* Extensions */,
			);
			path = "Avito.tech trainee iOS";
			sourceTree = "<group>";
		};
		788E73772A97B9D700FFF876 /* Core */ = {
			isa = PBXGroup;
			children = (
				788E73C22A9AB1EE00FFF876 /* CoreAssembly */,
				788E73882A97BD0A00FFF876 /* NetworkClient */,
				788E738F2A97BD0A00FFF876 /* NetworkService */,
			);
			path = Core;
			sourceTree = "<group>";
		};
		788E73782A97B9DF00FFF876 /* SupportingFiles */ = {
			isa = PBXGroup;
			children = (
				788E73552A97B9A100FFF876 /* Info.plist */,
				788E73522A97B9A100FFF876 /* LaunchScreen.storyboard */,
				788E73502A97B9A100FFF876 /* Assets.xcassets */,
			);
			path = SupportingFiles;
			sourceTree = "<group>";
		};
		788E73792A97B9E700FFF876 /* App */ = {
			isa = PBXGroup;
			children = (
				788E73472A97B9A100FFF876 /* AppDelegate.swift */,
				788E73782A97B9DF00FFF876 /* SupportingFiles */,
			);
			path = App;
			sourceTree = "<group>";
		};
		788E737A2A97BA3700FFF876 /* Extensions */ = {
			isa = PBXGroup;
			children = (
				788E73A82A97C4C800FFF876 /* UImageView.swift */,
				788E73E72A9B785E00FFF876 /* String.swift */,
				788E73E92A9B7FC700FFF876 /* Date.swift */,
			);
			path = Extensions;
			sourceTree = "<group>";
		};
		788E737B2A97BA5800FFF876 /* Models */ = {
			isa = PBXGroup;
			children = (
				788E737C2A97BA7500FFF876 /* Advertisement.swift */,
				788E73B32A98CE2800FFF876 /* AdvertisementDetail.swift */,
			);
			path = Models;
			sourceTree = "<group>";
		};
		788E73812A97BBEF00FFF876 /* Modules */ = {
			isa = PBXGroup;
			children = (
				788E73832A97BBFD00FFF876 /* AdvertisementList */,
				788E73822A97BBF900FFF876 /* AdvertisementDetail */,
				788E73BA2A9AABB200FFF876 /* WebImageView.swift */,
			);
			path = Modules;
			sourceTree = "<group>";
		};
		788E73822A97BBF900FFF876 /* AdvertisementDetail */ = {
			isa = PBXGroup;
			children = (
				788E73D72A9AC5CA00FFF876 /* AdvertisementDetailAssembly */,
				788E73D82A9AC5E900FFF876 /* View */,
				788E73D92A9AC5FB00FFF876 /* Presenter */,
			);
			path = AdvertisementDetail;
			sourceTree = "<group>";
		};
		788E73832A97BBFD00FFF876 /* AdvertisementList */ = {
			isa = PBXGroup;
			children = (
				788E73CD2A9ABA3500FFF876 /* AdvertiementListAssembly */,
				788E73C72A9AB39200FFF876 /* View */,
				788E73D02A9ABA9A00FFF876 /* Presenter */,
			);
			path = AdvertisementList;
			sourceTree = "<group>";
		};
		788E73882A97BD0A00FFF876 /* NetworkClient */ = {
			isa = PBXGroup;
			children = (
				788E73892A97BD0A00FFF876 /* NetworkClient.swift */,
				788E738A2A97BD0A00FFF876 /* NetworkClientImp.swift */,
				788E738B2A97BD0A00FFF876 /* HTTPRequest.swift */,
				788E738C2A97BD0A00FFF876 /* HTTPNetworkResponse.swift */,
				788E738D2A97BD0A00FFF876 /* HTTPMethod.swift */,
				788E738E2A97BD0A00FFF876 /* HTTPError.swift */,
			);
			path = NetworkClient;
			sourceTree = "<group>";
		};
		788E738F2A97BD0A00FFF876 /* NetworkService */ = {
			isa = PBXGroup;
			children = (
				788E73912A97BD0A00FFF876 /* NetworkService.swift */,
				788E73902A97BD0A00FFF876 /* NetworkServiceImp.swift */,
			);
			path = NetworkService;
			sourceTree = "<group>";
		};
		788E73BC2A9AB02700FFF876 /* Coordinator */ = {
			isa = PBXGroup;
			children = (
				788E73BD2A9AB03700FFF876 /* Coordinator.swift */,
				788E73BF2A9AB06500FFF876 /* CoordinatorImp.swift */,
			);
			path = Coordinator;
			sourceTree = "<group>";
		};
		788E73C12A9AB0D700FFF876 /* Presentation */ = {
			isa = PBXGroup;
			children = (
				788E73BC2A9AB02700FFF876 /* Coordinator */,
				788E73812A97BBEF00FFF876 /* Modules */,
			);
			path = Presentation;
			sourceTree = "<group>";
		};
		788E73C22A9AB1EE00FFF876 /* CoreAssembly */ = {
			isa = PBXGroup;
			children = (
				788E73C32A9AB1FC00FFF876 /* CoreAssembly.swift */,
				788E73C52A9AB20600FFF876 /* CoreAssemblyImp.swift */,
			);
			path = CoreAssembly;
			sourceTree = "<group>";
		};
		788E73C72A9AB39200FFF876 /* View */ = {
			isa = PBXGroup;
			children = (
				788E739D2A97C27E00FFF876 /* AdvertisementListViewController.swift */,
				788E73C92A9AB5E600FFF876 /* AdvertisementListInput.swift */,
				788E73CB2A9AB71200FFF876 /* AdvertisementListOutput.swift */,
				788E73C82A9AB3AB00FFF876 /* Cell */,
			);
			path = View;
			sourceTree = "<group>";
		};
		788E73C82A9AB3AB00FFF876 /* Cell */ = {
			isa = PBXGroup;
			children = (
				788E73A32A97C39A00FFF876 /* AdvertisementCollectionViewCell.swift */,
			);
			path = Cell;
			sourceTree = "<group>";
		};
		788E73CD2A9ABA3500FFF876 /* AdvertiementListAssembly */ = {
			isa = PBXGroup;
			children = (
				788E73CE2A9ABA5300FFF876 /* AdvertisementListAssembly.swift */,
				788E73D52A9AC0B700FFF876 /* AdvertisementListAssemblyImp.swift */,
			);
			path = AdvertiementListAssembly;
			sourceTree = "<group>";
		};
		788E73D02A9ABA9A00FFF876 /* Presenter */ = {
			isa = PBXGroup;
			children = (
				788E73D12A9ABAAC00FFF876 /* AdvertisementListModuleOutput.swift */,
				788E73D32A9ABB2600FFF876 /* AdvertisementListPresenter.swift */,
			);
			path = Presenter;
			sourceTree = "<group>";
		};
		788E73D72A9AC5CA00FFF876 /* AdvertisementDetailAssembly */ = {
			isa = PBXGroup;
			children = (
				788E73DA2A9AC68800FFF876 /* AdvertisementDetailAssembly.swift */,
				788E73DD2A9AC69700FFF876 /* AdvertisementDetailAssemblyImp.swift */,
			);
			path = AdvertisementDetailAssembly;
			sourceTree = "<group>";
		};
		788E73D82A9AC5E900FFF876 /* View */ = {
			isa = PBXGroup;
			children = (
				788E73B12A98C38500FFF876 /* AdvertisementDetailViewController.swift */,
				788E73E32A9AC80A00FFF876 /* AdvertisementDetailInput.swift */,
				788E73E52A9AC82C00FFF876 /* AdvertisementDetailOutput.swift */,
			);
			path = View;
			sourceTree = "<group>";
		};
		788E73D92A9AC5FB00FFF876 /* Presenter */ = {
			isa = PBXGroup;
			children = (
				788E73DF2A9AC76A00FFF876 /* AdvertisementDetailModuleOutput.swift */,
				788E73E12A9AC78B00FFF876 /* AdvertisementDetailPresenter.swift */,
			);
			path = Presenter;
			sourceTree = "<group>";
		};
/* End PBXGroup section */

/* Begin PBXNativeTarget section */
		788E73432A97B9A100FFF876 /* Avito.tech trainee iOS */ = {
			isa = PBXNativeTarget;
			buildConfigurationList = 788E736E2A97B9A100FFF876 /* Build configuration list for PBXNativeTarget "Avito.tech trainee iOS" */;
			buildPhases = (
				788E73402A97B9A100FFF876 /* Sources */,
				788E73412A97B9A100FFF876 /* Frameworks */,
				788E73422A97B9A100FFF876 /* Resources */,
			);
			buildRules = (
			);
			dependencies = (
			);
			name = "Avito.tech trainee iOS";
			productName = "Avito.tech trainee iOS";
			productReference = 788E73442A97B9A100FFF876 /* Avito.tech trainee iOS.app */;
			productType = "com.apple.product-type.application";
		};
/* End PBXNativeTarget section */

/* Begin PBXProject section */
		788E733C2A97B9A100FFF876 /* Project object */ = {
			isa = PBXProject;
			attributes = {
				BuildIndependentTargetsInParallel = 1;
				LastSwiftUpdateCheck = 1430;
				LastUpgradeCheck = 1430;
				TargetAttributes = {
					788E73432A97B9A100FFF876 = {
						CreatedOnToolsVersion = 14.3.1;
					};
				};
			};
			buildConfigurationList = 788E733F2A97B9A100FFF876 /* Build configuration list for PBXProject "Avito.tech trainee iOS" */;
			compatibilityVersion = "Xcode 14.0";
			developmentRegion = en;
			hasScannedForEncodings = 0;
			knownRegions = (
				en,
				Base,
			);
			mainGroup = 788E733B2A97B9A100FFF876;
			productRefGroup = 788E73452A97B9A100FFF876 /* Products */;
			projectDirPath = "";
			projectRoot = "";
			targets = (
				788E73432A97B9A100FFF876 /* Avito.tech trainee iOS */,
			);
		};
/* End PBXProject section */

/* Begin PBXResourcesBuildPhase section */
		788E73422A97B9A100FFF876 /* Resources */ = {
			isa = PBXResourcesBuildPhase;
			buildActionMask = 2147483647;
			files = (
				788E73542A97B9A100FFF876 /* LaunchScreen.storyboard in Resources */,
				788E73512A97B9A100FFF876 /* Assets.xcassets in Resources */,
			);
			runOnlyForDeploymentPostprocessing = 0;
		};
/* End PBXResourcesBuildPhase section */

/* Begin PBXSourcesBuildPhase section */
		788E73402A97B9A100FFF876 /* Sources */ = {
			isa = PBXSourcesBuildPhase;
			buildActionMask = 2147483647;
			files = (
				788E73A42A97C39A00FFF876 /* AdvertisementCollectionViewCell.swift in Sources */,
				788E73CF2A9ABA5300FFF876 /* AdvertisementListAssembly.swift in Sources */,
				788E739E2A97C27E00FFF876 /* AdvertisementListViewController.swift in Sources */,
				788E73992A97BD0A00FFF876 /* NetworkService.swift in Sources */,
				788E73D62A9AC0B700FFF876 /* AdvertisementListAssemblyImp.swift in Sources */,
				788E73972A97BD0A00FFF876 /* HTTPError.swift in Sources */,
				788E73CA2A9AB5E600FFF876 /* AdvertisementListInput.swift in Sources */,
				788E73B42A98CE2900FFF876 /* AdvertisementDetail.swift in Sources */,
				788E73E02A9AC76A00FFF876 /* AdvertisementDetailModuleOutput.swift in Sources */,
				788E73DB2A9AC68800FFF876 /* AdvertisementDetailAssembly.swift in Sources */,
				788E73BE2A9AB03700FFF876 /* Coordinator.swift in Sources */,
				788E737D2A97BA7500FFF876 /* Advertisement.swift in Sources */,
				788E73E82A9B785E00FFF876 /* String.swift in Sources */,
				788E73BB2A9AABB200FFF876 /* WebImageView.swift in Sources */,
				788E73952A97BD0A00FFF876 /* HTTPNetworkResponse.swift in Sources */,
				788E73482A97B9A100FFF876 /* AppDelegate.swift in Sources */,
				788E73C62A9AB20600FFF876 /* CoreAssemblyImp.swift in Sources */,
				788E73962A97BD0A00FFF876 /* HTTPMethod.swift in Sources */,
				788E73C42A9AB1FC00FFF876 /* CoreAssembly.swift in Sources */,
				788E73942A97BD0A00FFF876 /* HTTPRequest.swift in Sources */,
				788E73CC2A9AB71200FFF876 /* AdvertisementListOutput.swift in Sources */,
				788E73D42A9ABB2600FFF876 /* AdvertisementListPresenter.swift in Sources */,
				788E73C02A9AB06500FFF876 /* CoordinatorImp.swift in Sources */,
				788E73EA2A9B7FC700FFF876 /* Date.swift in Sources */,
				788E73E42A9AC80A00FFF876 /* AdvertisementDetailInput.swift in Sources */,
				788E73B22A98C38500FFF876 /* AdvertisementDetailViewController.swift in Sources */,
				788E73932A97BD0A00FFF876 /* NetworkClientImp.swift in Sources */,
				788E73DE2A9AC69700FFF876 /* AdvertisementDetailAssemblyImp.swift in Sources */,
				788E73D22A9ABAAC00FFF876 /* AdvertisementListModuleOutput.swift in Sources */,
				788E73E22A9AC78B00FFF876 /* AdvertisementDetailPresenter.swift in Sources */,
				788E73A92A97C4C800FFF876 /* UImageView.swift in Sources */,
				788E73922A97BD0A00FFF876 /* NetworkClient.swift in Sources */,
				788E73E62A9AC82C00FFF876 /* AdvertisementDetailOutput.swift in Sources */,
				788E73982A97BD0A00FFF876 /* NetworkServiceImp.swift in Sources */,
			);
			runOnlyForDeploymentPostprocessing = 0;
		};
/* End PBXSourcesBuildPhase section */

/* Begin PBXVariantGroup section */
		788E73522A97B9A100FFF876 /* LaunchScreen.storyboard */ = {
			isa = PBXVariantGroup;
			children = (
				788E73532A97B9A100FFF876 /* Base */,
			);
			name = LaunchScreen.storyboard;
			sourceTree = "<group>";
		};
/* End PBXVariantGroup section */

/* Begin XCBuildConfiguration section */
		788E736C2A97B9A100FFF876 /* Debug */ = {
			isa = XCBuildConfiguration;
			buildSettings = {
				ALWAYS_SEARCH_USER_PATHS = NO;
				CLANG_ANALYZER_NONNULL = YES;
				CLANG_ANALYZER_NUMBER_OBJECT_CONVERSION = YES_AGGRESSIVE;
				CLANG_CXX_LANGUAGE_STANDARD = "gnu++20";
				CLANG_ENABLE_MODULES = YES;
				CLANG_ENABLE_OBJC_ARC = YES;
				CLANG_ENABLE_OBJC_WEAK = YES;
				CLANG_WARN_BLOCK_CAPTURE_AUTORELEASING = YES;
				CLANG_WARN_BOOL_CONVERSION = YES;
				CLANG_WARN_COMMA = YES;
				CLANG_WARN_CONSTANT_CONVERSION = YES;
				CLANG_WARN_DEPRECATED_OBJC_IMPLEMENTATIONS = YES;
				CLANG_WARN_DIRECT_OBJC_ISA_USAGE = YES_ERROR;
				CLANG_WARN_DOCUMENTATION_COMMENTS = YES;
				CLANG_WARN_EMPTY_BODY = YES;
				CLANG_WARN_ENUM_CONVERSION = YES;
				CLANG_WARN_INFINITE_RECURSION = YES;
				CLANG_WARN_INT_CONVERSION = YES;
				CLANG_WARN_NON_LITERAL_NULL_CONVERSION = YES;
				CLANG_WARN_OBJC_IMPLICIT_RETAIN_SELF = YES;
				CLANG_WARN_OBJC_LITERAL_CONVERSION = YES;
				CLANG_WARN_OBJC_ROOT_CLASS = YES_ERROR;
				CLANG_WARN_QUOTED_INCLUDE_IN_FRAMEWORK_HEADER = YES;
				CLANG_WARN_RANGE_LOOP_ANALYSIS = YES;
				CLANG_WARN_STRICT_PROTOTYPES = YES;
				CLANG_WARN_SUSPICIOUS_MOVE = YES;
				CLANG_WARN_UNGUARDED_AVAILABILITY = YES_AGGRESSIVE;
				CLANG_WARN_UNREACHABLE_CODE = YES;
				CLANG_WARN__DUPLICATE_METHOD_MATCH = YES;
				COPY_PHASE_STRIP = NO;
				DEBUG_INFORMATION_FORMAT = dwarf;
				ENABLE_STRICT_OBJC_MSGSEND = YES;
				ENABLE_TESTABILITY = YES;
				GCC_C_LANGUAGE_STANDARD = gnu11;
				GCC_DYNAMIC_NO_PIC = NO;
				GCC_NO_COMMON_BLOCKS = YES;
				GCC_OPTIMIZATION_LEVEL = 0;
				GCC_PREPROCESSOR_DEFINITIONS = (
					"DEBUG=1",
					"$(inherited)",
				);
				GCC_WARN_64_TO_32_BIT_CONVERSION = YES;
				GCC_WARN_ABOUT_RETURN_TYPE = YES_ERROR;
				GCC_WARN_UNDECLARED_SELECTOR = YES;
				GCC_WARN_UNINITIALIZED_AUTOS = YES_AGGRESSIVE;
				GCC_WARN_UNUSED_FUNCTION = YES;
				GCC_WARN_UNUSED_VARIABLE = YES;
				IPHONEOS_DEPLOYMENT_TARGET = 16.4;
				MTL_ENABLE_DEBUG_INFO = INCLUDE_SOURCE;
				MTL_FAST_MATH = YES;
				ONLY_ACTIVE_ARCH = YES;
				SDKROOT = iphoneos;
				SWIFT_ACTIVE_COMPILATION_CONDITIONS = DEBUG;
				SWIFT_OPTIMIZATION_LEVEL = "-Onone";
			};
			name = Debug;
		};
		788E736D2A97B9A100FFF876 /* Release */ = {
			isa = XCBuildConfiguration;
			buildSettings = {
				ALWAYS_SEARCH_USER_PATHS = NO;
				CLANG_ANALYZER_NONNULL = YES;
				CLANG_ANALYZER_NUMBER_OBJECT_CONVERSION = YES_AGGRESSIVE;
				CLANG_CXX_LANGUAGE_STANDARD = "gnu++20";
				CLANG_ENABLE_MODULES = YES;
				CLANG_ENABLE_OBJC_ARC = YES;
				CLANG_ENABLE_OBJC_WEAK = YES;
				CLANG_WARN_BLOCK_CAPTURE_AUTORELEASING = YES;
				CLANG_WARN_BOOL_CONVERSION = YES;
				CLANG_WARN_COMMA = YES;
				CLANG_WARN_CONSTANT_CONVERSION = YES;
				CLANG_WARN_DEPRECATED_OBJC_IMPLEMENTATIONS = YES;
				CLANG_WARN_DIRECT_OBJC_ISA_USAGE = YES_ERROR;
				CLANG_WARN_DOCUMENTATION_COMMENTS = YES;
				CLANG_WARN_EMPTY_BODY = YES;
				CLANG_WARN_ENUM_CONVERSION = YES;
				CLANG_WARN_INFINITE_RECURSION = YES;
				CLANG_WARN_INT_CONVERSION = YES;
				CLANG_WARN_NON_LITERAL_NULL_CONVERSION = YES;
				CLANG_WARN_OBJC_IMPLICIT_RETAIN_SELF = YES;
				CLANG_WARN_OBJC_LITERAL_CONVERSION = YES;
				CLANG_WARN_OBJC_ROOT_CLASS = YES_ERROR;
				CLANG_WARN_QUOTED_INCLUDE_IN_FRAMEWORK_HEADER = YES;
				CLANG_WARN_RANGE_LOOP_ANALYSIS = YES;
				CLANG_WARN_STRICT_PROTOTYPES = YES;
				CLANG_WARN_SUSPICIOUS_MOVE = YES;
				CLANG_WARN_UNGUARDED_AVAILABILITY = YES_AGGRESSIVE;
				CLANG_WARN_UNREACHABLE_CODE = YES;
				CLANG_WARN__DUPLICATE_METHOD_MATCH = YES;
				COPY_PHASE_STRIP = NO;
				DEBUG_INFORMATION_FORMAT = "dwarf-with-dsym";
				ENABLE_NS_ASSERTIONS = NO;
				ENABLE_STRICT_OBJC_MSGSEND = YES;
				GCC_C_LANGUAGE_STANDARD = gnu11;
				GCC_NO_COMMON_BLOCKS = YES;
				GCC_WARN_64_TO_32_BIT_CONVERSION = YES;
				GCC_WARN_ABOUT_RETURN_TYPE = YES_ERROR;
				GCC_WARN_UNDECLARED_SELECTOR = YES;
				GCC_WARN_UNINITIALIZED_AUTOS = YES_AGGRESSIVE;
				GCC_WARN_UNUSED_FUNCTION = YES;
				GCC_WARN_UNUSED_VARIABLE = YES;
				IPHONEOS_DEPLOYMENT_TARGET = 16.4;
				MTL_ENABLE_DEBUG_INFO = NO;
				MTL_FAST_MATH = YES;
				SDKROOT = iphoneos;
				SWIFT_COMPILATION_MODE = wholemodule;
				SWIFT_OPTIMIZATION_LEVEL = "-O";
				VALIDATE_PRODUCT = YES;
			};
			name = Release;
		};
		788E736F2A97B9A100FFF876 /* Debug */ = {
			isa = XCBuildConfiguration;
			buildSettings = {
				ASSETCATALOG_COMPILER_APPICON_NAME = AppIcon;
				ASSETCATALOG_COMPILER_GLOBAL_ACCENT_COLOR_NAME = AccentColor;
				CODE_SIGN_STYLE = Automatic;
				CURRENT_PROJECT_VERSION = 1;
				DEVELOPMENT_TEAM = F7C5X72NM7;
				GENERATE_INFOPLIST_FILE = YES;
				INFOPLIST_FILE = "Avito.tech trainee iOS/App/SupportingFiles/Info.plist";
				INFOPLIST_KEY_UIApplicationSupportsIndirectInputEvents = YES;
				INFOPLIST_KEY_UILaunchStoryboardName = LaunchScreen;
				INFOPLIST_KEY_UISupportedInterfaceOrientations = UIInterfaceOrientationPortrait;
				INFOPLIST_KEY_UISupportedInterfaceOrientations_iPad = "UIInterfaceOrientationLandscapeLeft UIInterfaceOrientationLandscapeRight UIInterfaceOrientationPortrait UIInterfaceOrientationPortraitUpsideDown";
				IPHONEOS_DEPLOYMENT_TARGET = 16.0;
				LD_RUNPATH_SEARCH_PATHS = (
					"$(inherited)",
					"@executable_path/Frameworks",
				);
				MARKETING_VERSION = 1.0;
				PRODUCT_BUNDLE_IDENTIFIER = "com.Avito-tech-trainee-iOS";
				PRODUCT_NAME = "${TARGET_NAME}";
				SUPPORTED_PLATFORMS = "iphoneos iphonesimulator";
				SUPPORTS_MACCATALYST = NO;
				SUPPORTS_MAC_DESIGNED_FOR_IPHONE_IPAD = NO;
				SWIFT_EMIT_LOC_STRINGS = YES;
				SWIFT_VERSION = 5.0;
				TARGETED_DEVICE_FAMILY = 1;
			};
			name = Debug;
		};
		788E73702A97B9A100FFF876 /* Release */ = {
			isa = XCBuildConfiguration;
			buildSettings = {
				ASSETCATALOG_COMPILER_APPICON_NAME = AppIcon;
				ASSETCATALOG_COMPILER_GLOBAL_ACCENT_COLOR_NAME = AccentColor;
				CODE_SIGN_STYLE = Automatic;
				CURRENT_PROJECT_VERSION = 1;
				DEVELOPMENT_TEAM = F7C5X72NM7;
				GENERATE_INFOPLIST_FILE = YES;
				INFOPLIST_FILE = "Avito.tech trainee iOS/App/SupportingFiles/Info.plist";
				INFOPLIST_KEY_UIApplicationSupportsIndirectInputEvents = YES;
				INFOPLIST_KEY_UILaunchStoryboardName = LaunchScreen;
				INFOPLIST_KEY_UISupportedInterfaceOrientations = UIInterfaceOrientationPortrait;
				INFOPLIST_KEY_UISupportedInterfaceOrientations_iPad = "UIInterfaceOrientationLandscapeLeft UIInterfaceOrientationLandscapeRight UIInterfaceOrientationPortrait UIInterfaceOrientationPortraitUpsideDown";
				IPHONEOS_DEPLOYMENT_TARGET = 16.0;
				LD_RUNPATH_SEARCH_PATHS = (
					"$(inherited)",
					"@executable_path/Frameworks",
				);
				MARKETING_VERSION = 1.0;
				PRODUCT_BUNDLE_IDENTIFIER = "com.Avito-tech-trainee-iOS";
				PRODUCT_NAME = "${TARGET_NAME}";
				SUPPORTED_PLATFORMS = "iphoneos iphonesimulator";
				SUPPORTS_MACCATALYST = NO;
				SUPPORTS_MAC_DESIGNED_FOR_IPHONE_IPAD = NO;
				SWIFT_EMIT_LOC_STRINGS = YES;
				SWIFT_VERSION = 5.0;
				TARGETED_DEVICE_FAMILY = 1;
			};
			name = Release;
		};
/* End XCBuildConfiguration section */

/* Begin XCConfigurationList section */
		788E733F2A97B9A100FFF876 /* Build configuration list for PBXProject "Avito.tech trainee iOS" */ = {
			isa = XCConfigurationList;
			buildConfigurations = (
				788E736C2A97B9A100FFF876 /* Debug */,
				788E736D2A97B9A100FFF876 /* Release */,
			);
			defaultConfigurationIsVisible = 0;
			defaultConfigurationName = Release;
		};
		788E736E2A97B9A100FFF876 /* Build configuration list for PBXNativeTarget "Avito.tech trainee iOS" */ = {
			isa = XCConfigurationList;
			buildConfigurations = (
				788E736F2A97B9A100FFF876 /* Debug */,
				788E73702A97B9A100FFF876 /* Release */,
			);
			defaultConfigurationIsVisible = 0;
			defaultConfigurationName = Release;
		};
/* End XCConfigurationList section */
	};
	rootObject = 788E733C2A97B9A100FFF876 /* Project object */;
}
